
Microsoft Visual Studio Solution File, Format Version 12.00
# Visual Studio Version 17
VisualStudioVersion = 17.9.34616.47
MinimumVisualStudioVersion = 10.0.40219.1
Project("{9A19103F-16F7-4668-BE54-9A1E7A4F7556}") = "WhitelistService", "projects\WhitelistService\WhitelistService.csproj", "{788B9CC5-8075-41F6-A507-5702D14145CA}"
EndProject
Project("{9A19103F-16F7-4668-BE54-9A1E7A4F7556}") = "ProfileService", "projects\ProfileService\ProfileService.csproj", "{38AD429E-545D-4804-B098-7C0C7CB4DFAE}"
EndProject
Project("{9A19103F-16F7-4668-BE54-9A1E7A4F7556}") = "Domain", "shared\Domain\Domain.csproj", "{C9060E6A-6B7C-4638-8C97-7A8F888D7E13}"
EndProject
Project("{9A19103F-16F7-4668-BE54-9A1E7A4F7556}") = "Suggestion", "projects\Suggestion\Suggestion\Suggestion.csproj", "{35AB3134-505D-466E-9F8D-042D055DFF09}"
EndProject
Project("{9A19103F-16F7-4668-BE54-9A1E7A4F7556}") = "Messages", "shared\Messages\Messages.csproj", "{F1493A7F-117E-4CD3-BF99-3B18BD7FDE83}"
EndProject
Global
	GlobalSection(SolutionConfigurationPlatforms) = preSolution
		Debug|Any CPU = Debug|Any CPU
		Release|Any CPU = Release|Any CPU
	EndGlobalSection
	GlobalSection(ProjectConfigurationPlatforms) = postSolution
		{788B9CC5-8075-41F6-A507-5702D14145CA}.Debug|Any CPU.ActiveCfg = Debug|Any CPU
		{788B9CC5-8075-41F6-A507-5702D14145CA}.Debug|Any CPU.Build.0 = Debug|Any CPU
		{788B9CC5-8075-41F6-A507-5702D14145CA}.Release|Any CPU.ActiveCfg = Release|Any CPU
		{788B9CC5-8075-41F6-A507-5702D14145CA}.Release|Any CPU.Build.0 = Release|Any CPU
		{38AD429E-545D-4804-B098-7C0C7CB4DFAE}.Debug|Any CPU.ActiveCfg = Debug|Any CPU
		{38AD429E-545D-4804-B098-7C0C7CB4DFAE}.Debug|Any CPU.Build.0 = Debug|Any CPU
		{38AD429E-545D-4804-B098-7C0C7CB4DFAE}.Release|Any CPU.ActiveCfg = Release|Any CPU
		{38AD429E-545D-4804-B098-7C0C7CB4DFAE}.Release|Any CPU.Build.0 = Release|Any CPU
		{C9060E6A-6B7C-4638-8C97-7A8F888D7E13}.Debug|Any CPU.ActiveCfg = Debug|Any CPU
		{C9060E6A-6B7C-4638-8C97-7A8F888D7E13}.Debug|Any CPU.Build.0 = Debug|Any CPU
		{C9060E6A-6B7C-4638-8C97-7A8F888D7E13}.Release|Any CPU.ActiveCfg = Release|Any CPU
		{C9060E6A-6B7C-4638-8C97-7A8F888D7E13}.Release|Any CPU.Build.0 = Release|Any CPU
		{35AB3134-505D-466E-9F8D-042D055DFF09}.Debug|Any CPU.ActiveCfg = Debug|Any CPU
		{35AB3134-505D-466E-9F8D-042D055DFF09}.Debug|Any CPU.Build.0 = Debug|Any CPU
		{35AB3134-505D-466E-9F8D-042D055DFF09}.Release|Any CPU.ActiveCfg = Release|Any CPU
		{35AB3134-505D-466E-9F8D-042D055DFF09}.Release|Any CPU.Build.0 = Release|Any CPU
		{F1493A7F-117E-4CD3-BF99-3B18BD7FDE83}.Debug|Any CPU.ActiveCfg = Debug|Any CPU
		{F1493A7F-117E-4CD3-BF99-3B18BD7FDE83}.Debug|Any CPU.Build.0 = Debug|Any CPU
		{F1493A7F-117E-4CD3-BF99-3B18BD7FDE83}.Release|Any CPU.ActiveCfg = Release|Any CPU
		{F1493A7F-117E-4CD3-BF99-3B18BD7FDE83}.Release|Any CPU.Build.0 = Release|Any CPU
	EndGlobalSection
	GlobalSection(SolutionProperties) = preSolution
		HideSolutionNode = FALSE
	EndGlobalSection
	GlobalSection(ExtensibilityGlobals) = postSolution
		SolutionGuid = {E2E83BB0-44BF-468E-B111-36FBAA622D13}
	EndGlobalSection
EndGlobal
